
Microsoft Visual Studio Solution File, Format Version 12.00
# Visual Studio Version 17
VisualStudioVersion = 17.9.34714.143
MinimumVisualStudioVersion = 10.0.40219.1
Project("{FAE04EC0-301F-11D3-BF4B-00C04F79EFBC}") = "MauiApp3", "MauiApp3\MauiApp3.csproj", "{0FAC48BD-50EA-4208-B7DB-C01CB233BC76}"
EndProject
Project("{2150E333-8FDC-42A3-9474-1A3956D46DE8}") = "솔루션 항목", "솔루션 항목", "{B23CD4D9-DA57-4253-ABD5-D423324660AC}"
	ProjectSection(SolutionItems) = preProject
		README.md = README.md
	EndProjectSection
EndProject
Global
	GlobalSection(SolutionConfigurationPlatforms) = preSolution
		Debug|Any CPU = Debug|Any CPU
		Release|Any CPU = Release|Any CPU
	EndGlobalSection
	GlobalSection(ProjectConfigurationPlatforms) = postSolution
		{0FAC48BD-50EA-4208-B7DB-C01CB233BC76}.Debug|Any CPU.ActiveCfg = Debug|Any CPU
		{0FAC48BD-50EA-4208-B7DB-C01CB233BC76}.Debug|Any CPU.Build.0 = Debug|Any CPU
		{0FAC48BD-50EA-4208-B7DB-C01CB233BC76}.Debug|Any CPU.Deploy.0 = Debug|Any CPU
		{0FAC48BD-50EA-4208-B7DB-C01CB233BC76}.Release|Any CPU.ActiveCfg = Release|Any CPU
		{0FAC48BD-50EA-4208-B7DB-C01CB233BC76}.Release|Any CPU.Build.0 = Release|Any CPU
		{0FAC48BD-50EA-4208-B7DB-C01CB233BC76}.Release|Any CPU.Deploy.0 = Release|Any CPU
	EndGlobalSection
	GlobalSection(SolutionProperties) = preSolution
		HideSolutionNode = FALSE
	EndGlobalSection
	GlobalSection(ExtensibilityGlobals) = postSolution
		SolutionGuid = {FB7CA842-B715-4FBF-AFA3-7477B47488DC}
	EndGlobalSection
EndGlobal
